# THIS IS AN AUTOGENERATED FILE. DO NOT EDIT THIS FILE DIRECTLY.
# yarn lockfile v1


"@apollo/client@^3.5.5":
  "integrity" "sha512-EiQstc8VjeqosS2h21bwY9fhL3MCRRmACtRrRh2KYpp9vkDyx5pUfMnN3swgiBVYw1twdXg9jHmyZa1gZlvlog=="
  "resolved" "https://registry.npmjs.org/@apollo/client/-/client-3.5.5.tgz"
  "version" "3.5.5"
  dependencies:
    "@graphql-typed-document-node/core" "^3.0.0"
    "@wry/context" "^0.6.0"
    "@wry/equality" "^0.5.0"
    "@wry/trie" "^0.3.0"
    "graphql-tag" "^2.12.3"
    "hoist-non-react-statics" "^3.3.2"
    "optimism" "^0.16.1"
    "prop-types" "^15.7.2"
    "symbol-observable" "^4.0.0"
    "ts-invariant" "^0.9.0"
    "tslib" "^2.3.0"
    "zen-observable-ts" "^1.2.0"

"@babel/runtime@^7.12.5", "@babel/runtime@^7.13.16", "@babel/runtime@^7.14.0", "@babel/runtime@^7.15.4", "@babel/runtime@^7.5.5", "@babel/runtime@^7.6.2", "@babel/runtime@^7.6.3", "@babel/runtime@^7.8.7", "@babel/runtime@^7.9.2":
  "integrity" "sha512-99catp6bHCaxr4sJ/DbTGgHS4+Rs2RVd2g7iOap6SLGPDknRK9ztKNsE/Fg6QhSeh1FGE5f6gHGQmvvn3I3xhw=="
  "resolved" "https://registry.npmjs.org/@babel/runtime/-/runtime-7.15.4.tgz"
  "version" "7.15.4"
  dependencies:
    "regenerator-runtime" "^0.13.4"

"@graphql-typed-document-node/core@^3.0.0":
  "integrity" "sha512-NQ17ii0rK1b34VZonlmT2QMJFI70m0TRwbknO/ihlbatXyaktDhN/98vBiUU6kNBPljqGqyIrl2T4nY2RpFANg=="
  "resolved" "https://registry.npmjs.org/@graphql-typed-document-node/core/-/core-3.1.1.tgz"
  "version" "3.1.1"

"@next/env@12.0.9":
  "integrity" "sha512-oBlkyDop0Stf7MPIzETGv5r0YT/G/weBrknoPOUTaa5qwOeGjuy6gsOVc/SBtrBkOoBmRpD+fFhQJPvmo1mS+g=="
  "resolved" "https://registry.npmjs.org/@next/env/-/env-12.0.9.tgz"
  "version" "12.0.9"

"@next/swc-win32-x64-msvc@12.0.9":
  "integrity" "sha512-1c/sxp/4Qz4F6rCxiYqAnrmghCOFt5hHZ9Kd+rXFW5Mqev4C4XDOUMHdBH55HgnJZqngYhOE0r/XNkCtsIojig=="
  "resolved" "https://registry.npmjs.org/@next/swc-win32-x64-msvc/-/swc-win32-x64-msvc-12.0.9.tgz"
  "version" "12.0.9"

"@popperjs/core@^2.10.1", "@popperjs/core@^2.10.2":
  "integrity" "sha512-zrsUxjLOKAzdewIDRWy9nsV1GQsKBCWaGwsZQlCgr6/q+vjyZhFgqedLfFBuI9anTPEUT4APq9Mu0SZBTzIcGQ=="
  "resolved" "https://registry.npmjs.org/@popperjs/core/-/core-2.11.0.tgz"
  "version" "2.11.0"

"@react-aria/ssr@^3.0.1":
  "integrity" "sha512-RxqQKmE8sO7TGdrcSlHTcVzMP450hqowtBSd2bBS9oPlcokVkaGq28c3Rwa8ty5ctw4EBCjXqjP7xdcKMGDzug=="
  "resolved" "https://registry.npmjs.org/@react-aria/ssr/-/ssr-3.1.0.tgz"
  "version" "3.1.0"
  dependencies:
    "@babel/runtime" "^7.6.2"

"@restart/context@^2.1.4":
  "integrity" "sha512-INJYZQJP7g+IoDUh/475NlGiTeMfwTXUEr3tmRneckHIxNolGOW9CTq83S8cxq0CgJwwcMzMJFchxvlwe7Rk8Q=="
  "resolved" "https://registry.npmjs.org/@restart/context/-/context-2.1.4.tgz"
  "version" "2.1.4"

"@restart/hooks@^0.3.26":
  "integrity" "sha512-s984xV/EapUIfkjlf8wz9weP2O9TNKR96C68FfMEy2bE69+H4cNv3RD4Mf97lW7Htt7PjZrYTjSC8f3SB9VCXw=="
  "resolved" "https://registry.npmjs.org/@restart/hooks/-/hooks-0.3.27.tgz"
  "version" "0.3.27"
  dependencies:
    "dequal" "^2.0.2"

"@restart/hooks@^0.4.0":
  "integrity" "sha512-87UMGZcFwbj0Gr+8eEBAzL6H8xF5pMwq/S3LWeFK9cg4+lTqLFMsiVQFT4ncMJzqgpdD7T6ktF8PsEHeN2O+MQ=="
  "resolved" "https://registry.npmjs.org/@restart/hooks/-/hooks-0.4.1.tgz"
  "version" "0.4.1"
  dependencies:
    "dequal" "^2.0.2"

"@restart/ui@^0.2.3":
  "integrity" "sha512-FDhtjIR9QvUfMwvFsgVurRA1qdYxM0F0S07acywjG7gNI2YmQo78rtCYIe553V/pyBjEjaKAg3fzBFCocFTqyQ=="
  "resolved" "https://registry.npmjs.org/@restart/ui/-/ui-0.2.3.tgz"
  "version" "0.2.3"
  dependencies:
    "@babel/runtime" "^7.13.16"
    "@popperjs/core" "^2.10.1"
    "@react-aria/ssr" "^3.0.1"
    "@restart/hooks" "^0.4.0"
    "@types/warning" "^3.0.0"
    "dequal" "^2.0.2"
    "dom-helpers" "^5.2.0"
    "prop-types" "^15.7.2"
    "uncontrollable" "^7.2.1"
    "warning" "^4.0.3"

"@types/cookie@^0.3.3":
  "integrity" "sha512-LKVP3cgXBT9RYj+t+9FDKwS5tdI+rPBXaNSkma7hvqy35lc7mAokC2zsqWJH0LaqIt3B962nuYI77hsJoT1gow=="
  "resolved" "https://registry.npmjs.org/@types/cookie/-/cookie-0.3.3.tgz"
  "version" "0.3.3"

"@types/hoist-non-react-statics@^3.3.0":
  "integrity" "sha512-iMIqiko6ooLrTh1joXodJK5X9xeEALT1kM5G3ZLhD3hszxBdIEd5C75U834D9mLcINgD4OyZf5uQXjkuYydWvA=="
  "resolved" "https://registry.npmjs.org/@types/hoist-non-react-statics/-/hoist-non-react-statics-3.3.1.tgz"
  "version" "3.3.1"
  dependencies:
    "@types/react" "*"
    "hoist-non-react-statics" "^3.3.0"

"@types/invariant@^2.2.33":
  "integrity" "sha512-DxX1V9P8zdJPYQat1gHyY0xj3efl8gnMVjiM9iCY6y27lj+PoQWkgjt8jDqmovPqULkKVpKRg8J36iQiA+EtEg=="
  "resolved" "https://registry.npmjs.org/@types/invariant/-/invariant-2.2.35.tgz"
  "version" "2.2.35"

"@types/node@^17.0.13":
  "integrity" "sha512-Y86MAxASe25hNzlDbsviXl8jQHb0RDvKt4c40ZJQ1Don0AAL0STLZSs4N+6gLEO55pedy7r2cLwS+ZDxPm/2Bw=="
  "resolved" "https://registry.npmjs.org/@types/node/-/node-17.0.13.tgz"
  "version" "17.0.13"

"@types/prop-types@*", "@types/prop-types@^15.7.3":
  "integrity" "sha512-rZ5drC/jWjrArrS8BR6SIr4cWpW09RNTYt9AMZo3Jwwif+iacXAqgVjm0B0Bv/S1jhDXKHqRVNCbACkJ89RAnQ=="
  "resolved" "https://registry.npmjs.org/@types/prop-types/-/prop-types-15.7.4.tgz"
  "version" "15.7.4"

"@types/raf@^3.4.0":
  "integrity" "sha512-taW5/WYqo36N7V39oYyHP9Ipfd5pNFvGTIQsNGj86xV88YQ7GnI30/yMfKDF7Zgin0m3e+ikX88FvImnK4RjGw=="
  "resolved" "https://registry.npmjs.org/@types/raf/-/raf-3.4.0.tgz"
  "version" "3.4.0"

"@types/react-redux@^7.1.20":
  "integrity" "sha512-q42es4c8iIeTgcnB+yJgRTTzftv3eYYvCZOh1Ckn2eX/3o5TdsQYKUWpLoLuGlcY/p+VAhV9IOEZJcWk/vfkXw=="
  "resolved" "https://registry.npmjs.org/@types/react-redux/-/react-redux-7.1.20.tgz"
  "version" "7.1.20"
  dependencies:
    "@types/hoist-non-react-statics" "^3.3.0"
    "@types/react" "*"
    "hoist-non-react-statics" "^3.3.0"
    "redux" "^4.0.0"

"@types/react-transition-group@^4.4.1":
  "integrity" "sha512-7gAPz7anVK5xzbeQW9wFBDg7G++aPLAFY0QaSMOou9rJZpbuI58WAuJrgu+qR92l61grlnCUe7AFX8KGahAgug=="
  "resolved" "https://registry.npmjs.org/@types/react-transition-group/-/react-transition-group-4.4.4.tgz"
  "version" "4.4.4"
  dependencies:
    "@types/react" "*"

"@types/react@*", "@types/react@^17.0.37", "@types/react@>=16.14.8", "@types/react@>=16.9.11":
  "integrity" "sha512-2FS1oTqBGcH/s0E+CjrCCR9+JMpsu9b69RTFO+40ua43ZqP5MmQ4iUde/dMjWR909KxZwmOQIFq6AV6NjEG5xg=="
  "resolved" "https://registry.npmjs.org/@types/react/-/react-17.0.37.tgz"
  "version" "17.0.37"
  dependencies:
    "@types/prop-types" "*"
    "@types/scheduler" "*"
    "csstype" "^3.0.2"

"@types/scheduler@*":
  "integrity" "sha512-hppQEBDmlwhFAXKJX2KnWLYu5yMfi91yazPb2l+lbJiwW+wdo1gNeRA+3RgNSO39WYX2euey41KEwnqesU2Jew=="
  "resolved" "https://registry.npmjs.org/@types/scheduler/-/scheduler-0.16.2.tgz"
  "version" "0.16.2"

"@types/warning@^3.0.0":
  "integrity" "sha1-DSUBJorY+ZYrdA04fEZU9fjiPlI="
  "resolved" "https://registry.npmjs.org/@types/warning/-/warning-3.0.0.tgz"
  "version" "3.0.0"

"@wry/context@^0.6.0":
  "integrity" "sha512-LOmVnY1iTU2D8tv4Xf6MVMZZ+juIJ87Kt/plMijjN20NMAXGmH4u8bS1t0uT74cZ5gwpocYueV58YwyI8y+GKw=="
  "resolved" "https://registry.npmjs.org/@wry/context/-/context-0.6.1.tgz"
  "version" "0.6.1"
  dependencies:
    "tslib" "^2.3.0"

"@wry/equality@^0.5.0":
  "integrity" "sha512-oVMxbUXL48EV/C0/M7gLVsoK6qRHPS85x8zECofEZOVvxGmIPLA9o5Z27cc2PoAyZz1S2VoM2A7FLAnpfGlneA=="
  "resolved" "https://registry.npmjs.org/@wry/equality/-/equality-0.5.2.tgz"
  "version" "0.5.2"
  dependencies:
    "tslib" "^2.3.0"

"@wry/trie@^0.3.0":
  "integrity" "sha512-WwB53ikYudh9pIorgxrkHKrQZcCqNM/Q/bDzZBffEaGUKGuHrRb3zZUT9Sh2qw9yogC7SsdRmQ1ER0pqvd3bfw=="
  "resolved" "https://registry.npmjs.org/@wry/trie/-/trie-0.3.1.tgz"
  "version" "0.3.1"
  dependencies:
    "tslib" "^2.3.0"

"atob@^2.1.2":
  "integrity" "sha512-Wm6ukoaOGJi/73p/cl2GvLjTI5JM1k/O14isD73YML8StrH/7/lRFgmg8nICZgD3bZZvjwCGxtMOD3wWNAu8cg=="
  "resolved" "https://registry.npmjs.org/atob/-/atob-2.1.2.tgz"
  "version" "2.1.2"

"base64-arraybuffer@^0.2.0":
  "integrity" "sha512-7emyCsu1/xiBXgQZrscw/8KPRT44I4Yq9Pe6EGs3aPRTsWuggML1/1DTuZUuIaJPIm1FTDUVXl4x/yW8s0kQDQ=="
  "resolved" "https://registry.npmjs.org/base64-arraybuffer/-/base64-arraybuffer-0.2.0.tgz"
  "version" "0.2.0"

"base64-arraybuffer@^1.0.1":
  "integrity" "sha512-vFIUq7FdLtjZMhATwDul5RZWv2jpXQ09Pd6jcVEOvIsqCWTRFD/ONHNfyOS8dA/Ippi5dsIgpyKWKZaAKZltbA=="
  "resolved" "https://registry.npmjs.org/base64-arraybuffer/-/base64-arraybuffer-1.0.1.tgz"
  "version" "1.0.1"

"bootstrap-icons@^1.7.2":
  "integrity" "sha512-NiR2PqC73AQOPdVSu6GJfnk+hN2z6powcistXk1JgPnKuoV2FSdSl26w931Oz9HYbKCcKUSB6ncZTYJAYJl3QQ=="
  "resolved" "https://registry.npmjs.org/bootstrap-icons/-/bootstrap-icons-1.7.2.tgz"
  "version" "1.7.2"

"bootstrap@^5.1.3":
  "integrity" "sha512-fcQztozJ8jToQWXxVuEyXWW+dSo8AiXWKwiSSrKWsRB/Qt+Ewwza+JWoLKiTuQLaEPhdNAJ7+Dosc9DOIqNy7Q=="
  "resolved" "https://registry.npmjs.org/bootstrap/-/bootstrap-5.1.3.tgz"
  "version" "5.1.3"

"btoa@^1.2.1":
  "integrity" "sha512-SB4/MIGlsiVkMcHmT+pSmIPoNDoHg+7cMzmt3Uxt628MTz2487DKSqK/fuhFBrkuqrYv5UCEnACpF4dTFNKc/g=="
  "resolved" "https://registry.npmjs.org/btoa/-/btoa-1.2.1.tgz"
  "version" "1.2.1"

"caniuse-lite@^1.0.30001283":
  "integrity" "sha512-bdsfZd6K6ap87AGqSHJP/s1V+U6Z5lyrcbBu3ovbCCf8cSYpwTtGrCBObMpJqwxfTbLW6YTIdbb1jEeTelcpYQ=="
  "resolved" "https://registry.npmjs.org/caniuse-lite/-/caniuse-lite-1.0.30001304.tgz"
  "version" "1.0.30001304"

"canvg@^3.0.6":
  "integrity" "sha512-rDXcnRPuz4QHoCilMeoTxql+fvGqNAxp+qV/KHD8rOiJSAfVjFclbdUNHD2Uqfthr+VMg17bD2bVuk6F07oLGw=="
  "resolved" "https://registry.npmjs.org/canvg/-/canvg-3.0.9.tgz"
  "version" "3.0.9"
  dependencies:
    "@babel/runtime" "^7.12.5"
    "@types/raf" "^3.4.0"
    "core-js" "^3.8.3"
    "raf" "^3.4.1"
    "regenerator-runtime" "^0.13.7"
    "rgbcolor" "^1.0.1"
    "stackblur-canvas" "^2.0.0"
    "svg-pathdata" "^6.0.3"

"classnames@^2.3.1":
  "integrity" "sha512-OlQdbZ7gLfGarSqxesMesDa5uz7KFbID8Kpq/SxIoNGDqY8lSYs0D+hhtBXhcdB3rcbXArFr7vlHheLk1voeNA=="
  "resolved" "https://registry.npmjs.org/classnames/-/classnames-2.3.1.tgz"
  "version" "2.3.1"

"cookie@^0.4.0":
  "integrity" "sha512-ZwrFkGJxUR3EIoXtO+yVE69Eb7KlixbaeAWfBQB9vVsNn/o+Yw69gBWSSDK825hQNdN+wF8zELf3dFNl/kxkUA=="
  "resolved" "https://registry.npmjs.org/cookie/-/cookie-0.4.1.tgz"
  "version" "0.4.1"

"core-js@^3.6.0", "core-js@^3.8.3":
  "integrity" "sha512-nuqhq11DcOAbFBV4zCbKeGbKQsUDRqTX0oqx7AttUBuqe3h20ixsE039QHelbL6P4h+9kytVqyEtyZ6gsiwEYw=="
  "resolved" "https://registry.npmjs.org/core-js/-/core-js-3.20.2.tgz"
  "version" "3.20.2"

"css-line-break@2.0.1":
  "integrity" "sha512-gwKYIMUn7xodIcb346wgUhE2Dt5O1Kmrc16PWi8sL4FTfyDj8P5095rzH7+O8CTZudJr+uw2GCI/hwEkDJFI2w=="
  "resolved" "https://registry.npmjs.org/css-line-break/-/css-line-break-2.0.1.tgz"
  "version" "2.0.1"
  dependencies:
    "base64-arraybuffer" "^0.2.0"

"cssbeautify@^0.3.1":
  "integrity" "sha1-Et0fc0A1wub6ymfcvc73TkKBE5c="
  "resolved" "https://registry.npmjs.org/cssbeautify/-/cssbeautify-0.3.1.tgz"
  "version" "0.3.1"

"csstype@^3.0.2":
  "integrity" "sha512-2u44ZG2OcNUO9HDp/Jl8C07x6pU/eTR3ncV91SiK3dhG9TWvRVsCoJw14Ckx5DgWkzGA3waZWO3d7pgqpUI/XA=="
  "resolved" "https://registry.npmjs.org/csstype/-/csstype-3.0.10.tgz"
  "version" "3.0.10"

"dequal@^2.0.2":
  "integrity" "sha512-q9K8BlJVxK7hQYqa6XISGmBZbtQQWVXSrRrWreHC94rMt1QL/Impruc+7p2CYSYuVIUr+YCt6hjrs1kkdJRTug=="
  "resolved" "https://registry.npmjs.org/dequal/-/dequal-2.0.2.tgz"
  "version" "2.0.2"

"dom-helpers@^5.0.1", "dom-helpers@^5.2.0", "dom-helpers@^5.2.1":
  "integrity" "sha512-nRCa7CK3VTrM2NmGkIy4cbK7IZlgBE/PYMn55rrXefr5xXDP0LdtfPnblFDoVdcAfslJ7or6iqAUnx0CCGIWQA=="
  "resolved" "https://registry.npmjs.org/dom-helpers/-/dom-helpers-5.2.1.tgz"
  "version" "5.2.1"
  dependencies:
    "@babel/runtime" "^7.8.7"
    "csstype" "^3.0.2"

"dompurify@^2.2.0":
  "integrity" "sha512-6BVcgOAVFXjI0JTjEvZy901Rghm+7fDQOrNIcxB4+gdhj6Kwp6T9VBhBY/AbagKHJocRkDYGd6wvI+p4/10xtQ=="
  "resolved" "https://registry.npmjs.org/dompurify/-/dompurify-2.3.4.tgz"
  "version" "2.3.4"

"email-validator@^2.0.4":
  "integrity" "sha512-gYCwo7kh5S3IDyZPLZf6hSS0MnZT8QmJFqYvbqlDZSbwdZlY6QZWxJ4i/6UhITOJ4XzyI647Bm2MXKCLqnJ4nQ=="
  "resolved" "https://registry.npmjs.org/email-validator/-/email-validator-2.0.4.tgz"
  "version" "2.0.4"

"fflate@^0.4.8":
  "integrity" "sha512-FJqqoDBR00Mdj9ppamLa/Y7vxm+PRmNWA67N846RvsoYVMKB4q3y/de5PA7gUmRMYK/8CMz2GDZQmCRN1wBcWA=="
  "resolved" "https://registry.npmjs.org/fflate/-/fflate-0.4.8.tgz"
  "version" "0.4.8"

"graphql-tag@^2.12.3", "graphql-tag@^2.12.6":
  "integrity" "sha512-FdSNcu2QQcWnM2VNvSCCDCVS5PpPqpzgFT8+GXzqJuoDd0CBncxCY278u4mhRO7tMgo2JjgJA5aZ+nWSQ/Z+xg=="
  "resolved" "https://registry.npmjs.org/graphql-tag/-/graphql-tag-2.12.6.tgz"
  "version" "2.12.6"
  dependencies:
    "tslib" "^2.1.0"

"graphql@^0.8.0 || ^0.9.0 || ^0.10.0 || ^0.11.0 || ^0.12.0 || ^0.13.0 || ^14.0.0 || ^15.0.0 || ^16.0.0", "graphql@^0.9.0 || ^0.10.0 || ^0.11.0 || ^0.12.0 || ^0.13.0 || ^14.0.0 || ^15.0.0 || ^16.0.0", "graphql@^14.0.0 || ^15.0.0 || ^16.0.0", "graphql@^16.0.1":
  "integrity" "sha512-oPvCuu6dlLdiz8gZupJ47o1clgb72r1u8NDBcQYjcV6G/iEdmE11B1bBlkhXRvV0LisP/SXRFP7tT6AgaTjpzg=="
  "resolved" "https://registry.npmjs.org/graphql/-/graphql-16.0.1.tgz"
  "version" "16.0.1"

"hoist-non-react-statics@^3.3.0", "hoist-non-react-statics@^3.3.2":
  "integrity" "sha512-/gGivxi8JPKWNm/W0jSmzcMPpfpPLc3dY/6GxhX2hQ9iGj3aDfklV4ET7NjKpSinLpJ5vafa9iiGIEZg10SfBw=="
  "resolved" "https://registry.npmjs.org/hoist-non-react-statics/-/hoist-non-react-statics-3.3.2.tgz"
  "version" "3.3.2"
  dependencies:
    "react-is" "^16.7.0"

"html2canvas@^1.0.0-rc.5", "html2canvas@^1.4.0":
  "integrity" "sha512-vQMssxs2HvLuy7T0JrQqirRQxnhfB7KaHRSsQVV2WaNlXMqqhwv0gH+JUkkaWCednbDWZtRF7Msb/pbTkbcrpA=="
  "resolved" "https://registry.npmjs.org/html2canvas/-/html2canvas-1.4.0.tgz"
  "version" "1.4.0"
  dependencies:
    "css-line-break" "2.0.1"
    "text-segmentation" "^1.0.2"

"invariant@^2.2.4":
  "integrity" "sha512-phJfQVBuaJM5raOpJjSfkiD6BpbCE4Ns//LaXl6wGYtUBY83nWS6Rf9tXm2e8VaK60JEjYldbPif/A2B1C2gNA=="
  "resolved" "https://registry.npmjs.org/invariant/-/invariant-2.2.4.tgz"
  "version" "2.2.4"
  dependencies:
    "loose-envify" "^1.0.0"

"js-tokens@^3.0.0 || ^4.0.0":
  "integrity" "sha512-RdJUflcE3cUzKiMqQgsCu06FPu9UdIJO0beYbPhHN4k6apgJtifcoCtT9bcxOpYBtpD2kCM6Sbzg4CausW/PKQ=="
  "resolved" "https://registry.npmjs.org/js-tokens/-/js-tokens-4.0.0.tgz"
  "version" "4.0.0"

"jspdf@^2.5.0":
  "integrity" "sha512-XT0E2m8A9P1xl7ItA2OUbmhokzbDQEyZEdWQZD2olADiTiBEZGDRiK1J1zWxBRUG2KezQJOZq//GYZTkvEZuJg=="
  "resolved" "https://registry.npmjs.org/jspdf/-/jspdf-2.5.0.tgz"
  "version" "2.5.0"
  dependencies:
    "@babel/runtime" "^7.14.0"
    "atob" "^2.1.2"
    "btoa" "^1.2.1"
    "fflate" "^0.4.8"
  optionalDependencies:
    "canvg" "^3.0.6"
    "core-js" "^3.6.0"
    "dompurify" "^2.2.0"
    "html2canvas" "^1.0.0-rc.5"

"loose-envify@^1.0.0", "loose-envify@^1.1.0", "loose-envify@^1.4.0":
  "integrity" "sha512-lyuxPGr/Wfhrlem2CL/UcnUc1zcqKAImBDzukY7Y5F/yQiNdko6+fRLevlw1HgMySw7f611UIY408EtxRSoK3Q=="
  "resolved" "https://registry.npmjs.org/loose-envify/-/loose-envify-1.4.0.tgz"
  "version" "1.4.0"
  dependencies:
    "js-tokens" "^3.0.0 || ^4.0.0"

"nanoid@^3.1.30":
  "integrity" "sha512-fmsZYa9lpn69Ad5eDn7FMcnnSR+8R34W9qJEijxYhTbfOWzr22n1QxCMzXLK+ODyW2973V3Fux959iQoUxzUIA=="
  "resolved" "https://registry.npmjs.org/nanoid/-/nanoid-3.2.0.tgz"
  "version" "3.2.0"

"next@^12.0.9":
  "integrity" "sha512-omfYqoR/DvbdOIJ6SS1unKJ4mGIxUPs0RPa7wr/Mft22OCKgJhuG+aI9KFYi5ZJBwoFQk1vqaMKpWz5qr+dN0Q=="
  "resolved" "https://registry.npmjs.org/next/-/next-12.0.9.tgz"
  "version" "12.0.9"
  dependencies:
    "@next/env" "12.0.9"
    "caniuse-lite" "^1.0.30001283"
    "postcss" "8.4.5"
    "styled-jsx" "5.0.0"
    "use-subscription" "1.5.1"
  optionalDependencies:
    "@next/swc-android-arm64" "12.0.9"
    "@next/swc-darwin-arm64" "12.0.9"
    "@next/swc-darwin-x64" "12.0.9"
    "@next/swc-linux-arm-gnueabihf" "12.0.9"
    "@next/swc-linux-arm64-gnu" "12.0.9"
    "@next/swc-linux-arm64-musl" "12.0.9"
    "@next/swc-linux-x64-gnu" "12.0.9"
    "@next/swc-linux-x64-musl" "12.0.9"
    "@next/swc-win32-arm64-msvc" "12.0.9"
    "@next/swc-win32-ia32-msvc" "12.0.9"
    "@next/swc-win32-x64-msvc" "12.0.9"

"object-assign@^4.1.1":
  "integrity" "sha1-IQmtx5ZYh8/AXLvUQsrIv7s2CGM="
  "resolved" "https://registry.npmjs.org/object-assign/-/object-assign-4.1.1.tgz"
  "version" "4.1.1"

"optimism@^0.16.1":
  "integrity" "sha512-64i+Uw3otrndfq5kaoGNoY7pvOhSsjFEN4bdEFh80MWVk/dbgJfMv7VFDeCT8LxNAlEVhQmdVEbfE7X2nWNIIg=="
  "resolved" "https://registry.npmjs.org/optimism/-/optimism-0.16.1.tgz"
  "version" "0.16.1"
  dependencies:
    "@wry/context" "^0.6.0"
    "@wry/trie" "^0.3.0"

"performance-now@^2.1.0":
  "integrity" "sha1-Ywn04OX6kT7BxpMHrjZLSzd8nns="
  "resolved" "https://registry.npmjs.org/performance-now/-/performance-now-2.1.0.tgz"
  "version" "2.1.0"

"picocolors@^1.0.0":
  "integrity" "sha512-1fygroTLlHu66zi26VoTDv8yRgm0Fccecssto+MhsZ0D/DGW2sm8E8AjW7NU5VVTRt5GxbeZ5qBuJr+HyLYkjQ=="
  "resolved" "https://registry.npmjs.org/picocolors/-/picocolors-1.0.0.tgz"
  "version" "1.0.0"

"postcss@8.4.5":
  "integrity" "sha512-jBDboWM8qpaqwkMwItqTQTiFikhs/67OYVvblFFTM7MrZjt6yMKd6r2kgXizEbTTljacm4NldIlZnhbjr84QYg=="
  "resolved" "https://registry.npmjs.org/postcss/-/postcss-8.4.5.tgz"
  "version" "8.4.5"
  dependencies:
    "nanoid" "^3.1.30"
    "picocolors" "^1.0.0"
    "source-map-js" "^1.0.1"

"prop-types-extra@^1.1.0":
  "integrity" "sha512-59+AHNnHYCdiC+vMwY52WmvP5dM3QLeoumYuEyceQDi9aEhtwN9zIQ2ZNo25sMyXnbh32h+P1ezDsUpUH3JAew=="
  "resolved" "https://registry.npmjs.org/prop-types-extra/-/prop-types-extra-1.1.1.tgz"
  "version" "1.1.1"
  dependencies:
    "react-is" "^16.3.2"
    "warning" "^4.0.0"

"prop-types@^15.5.4", "prop-types@^15.6.1", "prop-types@^15.6.2", "prop-types@^15.7.2":
  "integrity" "sha512-8QQikdH7//R2vurIJSutZ1smHYTcLpRWEOlHnzcWHmBYrOGUysKwSsrC89BCiFj3CbrfJ/nXFdJepOVrY1GCHQ=="
  "resolved" "https://registry.npmjs.org/prop-types/-/prop-types-15.7.2.tgz"
  "version" "15.7.2"
  dependencies:
    "loose-envify" "^1.4.0"
    "object-assign" "^4.1.1"
    "react-is" "^16.8.1"

"raf@^3.4.1":
  "integrity" "sha512-Sq4CW4QhwOHE8ucn6J34MqtZCeWFP2aQSmrlroYgqAV1PjStIhJXxYuTgUIfkEk7zTLjmIjLmU5q+fbD1NnOJA=="
  "resolved" "https://registry.npmjs.org/raf/-/raf-3.4.1.tgz"
  "version" "3.4.1"
  dependencies:
    "performance-now" "^2.1.0"

"react-bootstrap@^2.0.2":
  "integrity" "sha512-QuMqJ+WJmd6dUyOys6OF3nr6T/FjUVAoEMbSjsFrwVufJtvMox0SU1Dvz/cDID+Dl6Rz2RLcJzyqkdl+DEK2Gg=="
  "resolved" "https://registry.npmjs.org/react-bootstrap/-/react-bootstrap-2.0.2.tgz"
  "version" "2.0.2"
  dependencies:
    "@babel/runtime" "^7.14.0"
    "@restart/context" "^2.1.4"
    "@restart/hooks" "^0.3.26"
    "@restart/ui" "^0.2.3"
    "@types/invariant" "^2.2.33"
    "@types/prop-types" "^15.7.3"
    "@types/react" ">=16.14.8"
    "@types/react-transition-group" "^4.4.1"
    "@types/warning" "^3.0.0"
    "classnames" "^2.3.1"
    "dom-helpers" "^5.2.1"
    "invariant" "^2.2.4"
    "prop-types" "^15.7.2"
    "prop-types-extra" "^1.1.0"
    "react-transition-group" "^4.4.1"
    "uncontrollable" "^7.2.1"
    "warning" "^4.0.3"

"react-dom@^15.0.0 || ^16.0.0 || ^17.0.0", "react-dom@^15.3.0 || ^16.0.0", "react-dom@^15.3.0 || ^16.0.0 || ^17.0.0", "react-dom@^17.0.2 || ^18.0.0-0", "react-dom@>=16.14.0", "react-dom@>=16.6.0", "react-dom@17.0.2":
  "integrity" "sha512-s4h96KtLDUQlsENhMn1ar8t2bEa+q/YAtj8pPPdIjPDGBDIVNsrD9aXNWqspUe6AzKCIG0C1HZZLqLV7qpOBGA=="
  "resolved" "https://registry.npmjs.org/react-dom/-/react-dom-17.0.2.tgz"
  "version" "17.0.2"
  dependencies:
    "loose-envify" "^1.1.0"
    "object-assign" "^4.1.1"
    "scheduler" "^0.20.2"

"react-icons@^4.3.1":
  "integrity" "sha512-cB10MXLTs3gVuXimblAdI71jrJx8njrJZmNMEMC+sQu5B/BIOmlsAjskdqpn81y8UBVEGuHODd7/ci5DvoSzTQ=="
  "resolved" "https://registry.npmjs.org/react-icons/-/react-icons-4.3.1.tgz"
  "version" "4.3.1"

"react-is@^16.3.2":
  "integrity" "sha512-24e6ynE2H+OKt4kqsOvNd8kBpV65zoxbA4BVsEOB3ARVWQki/DHzaUoC5KuON/BiccDaCCTZBuOcfZs70kR8bQ=="
  "resolved" "https://registry.npmjs.org/react-is/-/react-is-16.13.1.tgz"
  "version" "16.13.1"

"react-is@^16.7.0":
  "integrity" "sha512-24e6ynE2H+OKt4kqsOvNd8kBpV65zoxbA4BVsEOB3ARVWQki/DHzaUoC5KuON/BiccDaCCTZBuOcfZs70kR8bQ=="
  "resolved" "https://registry.npmjs.org/react-is/-/react-is-16.13.1.tgz"
  "version" "16.13.1"

"react-is@^16.8.1":
  "integrity" "sha512-24e6ynE2H+OKt4kqsOvNd8kBpV65zoxbA4BVsEOB3ARVWQki/DHzaUoC5KuON/BiccDaCCTZBuOcfZs70kR8bQ=="
  "resolved" "https://registry.npmjs.org/react-is/-/react-is-16.13.1.tgz"
  "version" "16.13.1"

"react-is@^17.0.2":
  "integrity" "sha512-w2GsyukL62IJnlaff/nRegPQR94C/XXamvMWmSHRJ4y7Ts/4ocGRmTHvOs8PSE6pB3dWOrD/nueuU5sduBsQ4w=="
  "resolved" "https://registry.npmjs.org/react-is/-/react-is-17.0.2.tgz"
  "version" "17.0.2"

"react-jutsu@^3.0.3":
  "integrity" "sha512-mYzkvtOP4Dgz09zrqyXV3m4JfNqI0V7YIh7uzK0RbSq6JVaHIL2Pj2RQZQv3MfKxssCujIUfvJe0uATdkBEGug=="
  "resolved" "https://registry.npmjs.org/react-jutsu/-/react-jutsu-3.0.3.tgz"
  "version" "3.0.3"

"react-lifecycles-compat@^3.0.4":
  "integrity" "sha512-fBASbA6LnOU9dOU2eW7aQ8xmYBSXUIWr+UmF9b1efZBazGNO+rcXT/icdKnYm2pTwcRylVUYwW7H1PHfLekVzA=="
  "resolved" "https://registry.npmjs.org/react-lifecycles-compat/-/react-lifecycles-compat-3.0.4.tgz"
  "version" "3.0.4"

"react-paginate@^8.1.0":
  "integrity" "sha512-XK8cgcX8Zk4De6F4Iozd91a2xm/U+mdD4SB5k4xcBabqZj86U20N7kMiMzOFk1AEGCj6Kg1374xXK03dz7BTRA=="
  "resolved" "https://registry.npmjs.org/react-paginate/-/react-paginate-8.1.0.tgz"
  "version" "8.1.0"
  dependencies:
    "prop-types" "^15.6.1"

"react-parm@^1.0.0":
  "integrity" "sha512-fei1OHIwwYWTdAeiJSCz8VHCIIeZTI65fmtFRtoejwYMOQGgJcim0K1RTz69kTnvwviQI+a9vU3t0MZR52hSLQ=="
  "resolved" "https://registry.npmjs.org/react-parm/-/react-parm-1.1.1.tgz"
  "version" "1.1.1"

"react-redux@^7.2.6":
  "integrity" "sha512-10RPdsz0UUrRL1NZE0ejTkucnclYSgXp5q+tB5SWx2qeG2ZJQJyymgAhwKy73yiL/13btfB6fPr+rgbMAaZIAQ=="
  "resolved" "https://registry.npmjs.org/react-redux/-/react-redux-7.2.6.tgz"
  "version" "7.2.6"
  dependencies:
    "@babel/runtime" "^7.15.4"
    "@types/react-redux" "^7.1.20"
    "hoist-non-react-statics" "^3.3.2"
    "loose-envify" "^1.4.0"
    "prop-types" "^15.7.2"
    "react-is" "^17.0.2"

"react-style-tag@^2.0.4":
  "integrity" "sha512-IPOb0ahaJS+5oH+F0LiOexlz/KhwPeyQYluP/a8UGxKVZ1WU/ZBeosSEcwO9IrstOZlUJN5Jrp0YyKxkYNq5og=="
  "resolved" "https://registry.npmjs.org/react-style-tag/-/react-style-tag-2.0.4.tgz"
  "version" "2.0.4"
  dependencies:
    "cssbeautify" "^0.3.1"
    "react-parm" "^1.0.0"
    "stylis" "^3.5.0"

"react-transition-group@^4.4.1":
  "integrity" "sha512-/RNYfRAMlZwDSr6z4zNKV6xu53/e2BuaBbGhbyYIXTrmgu/bGHzmqOs7mJSJBHy9Ud+ApHx3QjrkKSp1pxvlFg=="
  "resolved" "https://registry.npmjs.org/react-transition-group/-/react-transition-group-4.4.2.tgz"
  "version" "4.4.2"
  dependencies:
    "@babel/runtime" "^7.5.5"
    "dom-helpers" "^5.0.1"
    "loose-envify" "^1.4.0"
    "prop-types" "^15.6.2"

"react@*", "react@^15.0.0 || ^16.0.0 || ^17.0.0", "react@^15.3.0 || ^16.0.0", "react@^15.3.0 || ^16.0.0 || ^17.0.0", "react@^16 || ^17", "react@^16.8.0 || ^17.0.0", "react@^16.8.0 || ^17.0.0-rc.1", "react@^16.8.3 || ^17", "react@^17.0.2 || ^18.0.0-0", "react@>= 16.8.0 || 17.x.x || 18.x.x", "react@>=0.14.0", "react@>=15.0.0", "react@>=16.14.0", "react@>=16.3.2", "react@>=16.6.0", "react@>=16.8.0", "react@17.0.2":
  "integrity" "sha512-gnhPt75i/dq/z3/6q/0asP78D0u592D5L1pd7M8P+dck6Fu/jJeL6iVVK23fptSUZj8Vjf++7wXA8UNclGQcbA=="
  "resolved" "https://registry.npmjs.org/react/-/react-17.0.2.tgz"
  "version" "17.0.2"
  dependencies:
    "loose-envify" "^1.1.0"
    "object-assign" "^4.1.1"

"redux@^4.0.0", "redux@^4.1.2":
  "integrity" "sha512-SH8PglcebESbd/shgf6mii6EIoRM0zrQyjcuQ+ojmfxjTtE0z9Y8pa62iA/OJ58qjP6j27uyW4kUF4jl/jd6sw=="
  "resolved" "https://registry.npmjs.org/redux/-/redux-4.1.2.tgz"
  "version" "4.1.2"
  dependencies:
    "@babel/runtime" "^7.9.2"

"regenerator-runtime@^0.13.4":
  "integrity" "sha512-plpwicqEzfEyTQohIKktWigcLzmNStMGwbOUbykx51/29Z3JOGYldaaNGK7ngNXV+UcoqvIMmloZ48Sr74sd+g=="
  "resolved" "https://registry.npmjs.org/regenerator-runtime/-/regenerator-runtime-0.13.4.tgz"
  "version" "0.13.4"

"regenerator-runtime@^0.13.7":
  "integrity" "sha512-p3VT+cOEgxFsRRA9X4lkI1E+k2/CtnKtU4gcxyaCUreilL/vqI6CdZ3wxVUx3UOUg+gnUOQQcRI7BmSI656MYA=="
  "resolved" "https://registry.npmjs.org/regenerator-runtime/-/regenerator-runtime-0.13.9.tgz"
  "version" "0.13.9"

"rgbcolor@^1.0.1":
  "integrity" "sha1-1lBezbMEplldom+ktDMHMGd1lF0="
  "resolved" "https://registry.npmjs.org/rgbcolor/-/rgbcolor-1.0.1.tgz"
  "version" "1.0.1"

"scheduler@^0.20.2":
  "integrity" "sha512-2eWfGgAqqWFGqtdMmcL5zCMK1U8KlXv8SQFGglL3CEtd0aDVDWgeF/YoCmvln55m5zSk3J/20hTaSBeSObsQDQ=="
  "resolved" "https://registry.npmjs.org/scheduler/-/scheduler-0.20.2.tgz"
  "version" "0.20.2"
  dependencies:
    "loose-envify" "^1.1.0"
    "object-assign" "^4.1.1"

"source-map-js@^1.0.1":
  "integrity" "sha512-R0XvVJ9WusLiqTCEiGCmICCMplcCkIwwR11mOSD9CR5u+IXYdiseeEuXCVAjS54zqwkLcPNnmU4OeJ6tUrWhDw=="
  "resolved" "https://registry.npmjs.org/source-map-js/-/source-map-js-1.0.2.tgz"
  "version" "1.0.2"

"stackblur-canvas@^2.0.0":
  "integrity" "sha512-EeNzTVfj+1In7aSLPKDD03F/ly4RxEuF/EX0YcOG0cKoPXs+SLZxDawQbexQDBzwROs4VKLWTOaZQlZkGBFEIQ=="
  "resolved" "https://registry.npmjs.org/stackblur-canvas/-/stackblur-canvas-2.5.0.tgz"
  "version" "2.5.0"

"styled-jsx@5.0.0":
  "integrity" "sha512-qUqsWoBquEdERe10EW8vLp3jT25s/ssG1/qX5gZ4wu15OZpmSMFI2v+fWlRhLfykA5rFtlJ1ME8A8pm/peV4WA=="
  "resolved" "https://registry.npmjs.org/styled-jsx/-/styled-jsx-5.0.0.tgz"
  "version" "5.0.0"

"stylis@^3.5.0":
  "integrity" "sha512-8/3pSmthWM7lsPBKv7NXkzn2Uc9W7NotcwGNpJaa3k7WMM1XDCA4MgT5k/8BIexd5ydZdboXtU90XH9Ec4Bv/Q=="
  "resolved" "https://registry.npmjs.org/stylis/-/stylis-3.5.4.tgz"
  "version" "3.5.4"

"svg-pathdata@^6.0.3":
  "integrity" "sha512-qsjeeq5YjBZ5eMdFuUa4ZosMLxgr5RZ+F+Y1OrDhuOCEInRMA3x74XdBtggJcj9kOeInz0WE+LgCPDkZFlBYJw=="
  "resolved" "https://registry.npmjs.org/svg-pathdata/-/svg-pathdata-6.0.3.tgz"
  "version" "6.0.3"

"symbol-observable@^4.0.0":
  "integrity" "sha512-b19dMThMV4HVFynSAM1++gBHAbk2Tc/osgLIBZMKsyqh34jb2e8Os7T6ZW/Bt3pJFdBTd2JwAnAAEQV7rSNvcQ=="
  "resolved" "https://registry.npmjs.org/symbol-observable/-/symbol-observable-4.0.0.tgz"
  "version" "4.0.0"

"text-segmentation@^1.0.2":
  "integrity" "sha512-uTqvLxdBrVnx/CFQOtnf8tfzSXFm+1Qxau7Xi54j4OPTZokuDOX8qncQzrg2G8ZicAMOM8TgzFAYTb+AqNO4Cw=="
  "resolved" "https://registry.npmjs.org/text-segmentation/-/text-segmentation-1.0.2.tgz"
  "version" "1.0.2"
  dependencies:
    "utrie" "^1.0.1"

"ts-invariant@^0.9.0":
  "integrity" "sha512-HinBlTbFslQI0OHP07JLsSXPibSegec6r9ai5xxq/qHYCsIQbzpymLpDhAUsnXcSrDEcd0L62L8vsOEdzM0qlA=="
  "resolved" "https://registry.npmjs.org/ts-invariant/-/ts-invariant-0.9.3.tgz"
  "version" "0.9.3"
  dependencies:
    "tslib" "^2.1.0"

"tslib@^2.1.0", "tslib@^2.3.0":
  "integrity" "sha512-77EbyPPpMz+FRFRuAFlWMtmgUWGe9UOG2Z25NqCwiIjRhOf5iKGuzSe5P2w1laq+FkRy4p+PCuVkJSGkzTEKVw=="
  "resolved" "https://registry.npmjs.org/tslib/-/tslib-2.3.1.tgz"
  "version" "2.3.1"

"typescript@^4.5.2":
  "integrity" "sha512-5BlMof9H1yGt0P8/WF+wPNw6GfctgGjXp5hkblpyT+8rkASSmkUKMXrxR0Xg8ThVCi/JnHQiKXeBaEwCeQwMFw=="
  "resolved" "https://registry.npmjs.org/typescript/-/typescript-4.5.2.tgz"
  "version" "4.5.2"

"uncontrollable@^7.2.1":
  "integrity" "sha512-svtcfoTADIB0nT9nltgjujTi7BzVmwjZClOmskKu/E8FW9BXzg9os8OLr4f8Dlnk0rYWJIWr4wv9eKUXiQvQwQ=="
  "resolved" "https://registry.npmjs.org/uncontrollable/-/uncontrollable-7.2.1.tgz"
  "version" "7.2.1"
  dependencies:
    "@babel/runtime" "^7.6.3"
    "@types/react" ">=16.9.11"
    "invariant" "^2.2.4"
    "react-lifecycles-compat" "^3.0.4"

"universal-cookie@^4.0.4":
  "integrity" "sha512-lbRVHoOMtItjWbM7TwDLdl8wug7izB0tq3/YVKhT/ahB4VDvWMyvnADfnJI8y6fSvsjh51Ix7lTGC6Tn4rMPhw=="
  "resolved" "https://registry.npmjs.org/universal-cookie/-/universal-cookie-4.0.4.tgz"
  "version" "4.0.4"
  dependencies:
    "@types/cookie" "^0.3.3"
    "cookie" "^0.4.0"

"use-subscription@1.5.1":
  "integrity" "sha512-Xv2a1P/yReAjAbhylMfFplFKj9GssgTwN7RlcTxBujFQcloStWNDQdc4g4NRWH9xS4i/FDk04vQBptAXoF3VcA=="
  "resolved" "https://registry.npmjs.org/use-subscription/-/use-subscription-1.5.1.tgz"
  "version" "1.5.1"
  dependencies:
    "object-assign" "^4.1.1"

"utrie@^1.0.1":
  "integrity" "sha512-JPaDXF3vzgZxfeEwutdGzlrNoVFL5UvZcbO6Qo9D4GoahrieUPoMU8GCpVpR7MQqcKhmShIh8VlbEN3PLM3EBg=="
  "resolved" "https://registry.npmjs.org/utrie/-/utrie-1.0.1.tgz"
  "version" "1.0.1"
  dependencies:
    "base64-arraybuffer" "^1.0.1"

"warning@^4.0.0", "warning@^4.0.3":
  "integrity" "sha512-rpJyN222KWIvHJ/F53XSZv0Zl/accqHR8et1kpaMTD/fLCRxtV8iX8czMzY7sVZupTI3zcUTg8eycS2kNF9l6w=="
  "resolved" "https://registry.npmjs.org/warning/-/warning-4.0.3.tgz"
  "version" "4.0.3"
  dependencies:
    "loose-envify" "^1.0.0"

"zen-observable-ts@^1.2.0":
  "integrity" "sha512-hc/TGiPkAWpByykMwDcem3SdUgA4We+0Qb36bItSuJC9xD0XVBZoFHYoadAomDSNf64CG8Ydj0Qb8Od8BUWz5g=="
  "resolved" "https://registry.npmjs.org/zen-observable-ts/-/zen-observable-ts-1.2.3.tgz"
  "version" "1.2.3"
  dependencies:
    "zen-observable" "0.8.15"

"zen-observable@0.8.15":
  "integrity" "sha512-PQ2PC7R9rslx84ndNBZB/Dkv8V8fZEpk83RLgXtYd0fwUgEjseMn1Dgajh2x6S8QbZAFa9p2qVCEuYZNgve0dQ=="
  "resolved" "https://registry.npmjs.org/zen-observable/-/zen-observable-0.8.15.tgz"
  "version" "0.8.15"
